// !$*UTF8*$!
{
	archiveVersion = 1;
	classes = {
	};
	objectVersion = 46;
	objects = {

/* Begin PBXBuildFile section */
		810FBBAB1B92A61E008AC818 /* Images.xcassets in Resources */ = {isa = PBXBuildFile; fileRef = 810FBBAA1B92A61E008AC818 /* Images.xcassets */; };
		8177B1041B8EA2910061F971 /* PlaySoundsViewController.swift in Sources */ = {isa = PBXBuildFile; fileRef = 8177B1031B8EA2910061F971 /* PlaySoundsViewController.swift */; };
		8177B1061B8FF7620061F971 /* movie_quote.mp3 in Resources */ = {isa = PBXBuildFile; fileRef = 8177B1051B8FF7620061F971 /* movie_quote.mp3 */; };
		8178E85C1B91F282008F6060 /* RecordedAudio.swift in Sources */ = {isa = PBXBuildFile; fileRef = 8178E85B1B91F282008F6060 /* RecordedAudio.swift */; };
		81DE15E01B8A19F90063C8C8 /* AppDelegate.swift in Sources */ = {isa = PBXBuildFile; fileRef = 81DE15DF1B8A19F90063C8C8 /* AppDelegate.swift */; };
		81DE15E21B8A19F90063C8C8 /* RecordSoundsViewController.swift in Sources */ = {isa = PBXBuildFile; fileRef = 81DE15E11B8A19F90063C8C8 /* RecordSoundsViewController.swift */; };
		81DE15E51B8A19F90063C8C8 /* Main.storyboard in Resources */ = {isa = PBXBuildFile; fileRef = 81DE15E31B8A19F90063C8C8 /* Main.storyboard */; };
		81DE15EA1B8A19F90063C8C8 /* LaunchScreen.xib in Resources */ = {isa = PBXBuildFile; fileRef = 81DE15E81B8A19F90063C8C8 /* LaunchScreen.xib */; };
		81DE15F61B8A19F90063C8C8 /* Pitch_PerfectTests.swift in Sources */ = {isa = PBXBuildFile; fileRef = 81DE15F51B8A19F90063C8C8 /* Pitch_PerfectTests.swift */; };
/* End PBXBuildFile section */

/* Begin PBXContainerItemProxy section */
		81DE15F01B8A19F90063C8C8 /* PBXContainerItemProxy */ = {
			isa = PBXContainerItemProxy;
			containerPortal = 81DE15D21B8A19F80063C8C8 /* Project object */;
			proxyType = 1;
			remoteGlobalIDString = 81DE15D91B8A19F90063C8C8;
			remoteInfo = "Pitch Perfect";
		};
/* End PBXContainerItemProxy section */

/* Begin PBXFileReference section */
		810FBBAA1B92A61E008AC818 /* Images.xcassets */ = {isa = PBXFileReference; lastKnownFileType = folder.assetcatalog; path = Images.xcassets; sourceTree = "<group>"; };
		8177B1031B8EA2910061F971 /* PlaySoundsViewController.swift */ = {isa = PBXFileReference; fileEncoding = 4; lastKnownFileType = sourcecode.swift; path = PlaySoundsViewController.swift; sourceTree = "<group>"; };
		8177B1051B8FF7620061F971 /* movie_quote.mp3 */ = {isa = PBXFileReference; lastKnownFileType = audio.mp3; path = movie_quote.mp3; sourceTree = "<group>"; };
		8178E85B1B91F282008F6060 /* RecordedAudio.swift */ = {isa = PBXFileReference; fileEncoding = 4; lastKnownFileType = sourcecode.swift; path = RecordedAudio.swift; sourceTree = "<group>"; };
		81DE15DA1B8A19F90063C8C8 /* Pitch Perfect.app */ = {isa = PBXFileReference; explicitFileType = wrapper.application; includeInIndex = 0; path = "Pitch Perfect.app"; sourceTree = BUILT_PRODUCTS_DIR; };
		81DE15DE1B8A19F90063C8C8 /* Info.plist */ = {isa = PBXFileReference; lastKnownFileType = text.plist.xml; path = Info.plist; sourceTree = "<group>"; };
		81DE15DF1B8A19F90063C8C8 /* AppDelegate.swift */ = {isa = PBXFileReference; lastKnownFileType = sourcecode.swift; path = AppDelegate.swift; sourceTree = "<group>"; };
		81DE15E11B8A19F90063C8C8 /* RecordSoundsViewController.swift */ = {isa = PBXFileReference; lastKnownFileType = sourcecode.swift; path = RecordSoundsViewController.swift; sourceTree = "<group>"; };
		81DE15E41B8A19F90063C8C8 /* Base */ = {isa = PBXFileReference; lastKnownFileType = file.storyboard; name = Base; path = Base.lproj/Main.storyboard; sourceTree = "<group>"; };
		81DE15E91B8A19F90063C8C8 /* Base */ = {isa = PBXFileReference; lastKnownFileType = file.xib; name = Base; path = Base.lproj/LaunchScreen.xib; sourceTree = "<group>"; };
		81DE15EF1B8A19F90063C8C8 /* Pitch PerfectTests.xctest */ = {isa = PBXFileReference; explicitFileType = wrapper.cfbundle; includeInIndex = 0; path = "Pitch PerfectTests.xctest"; sourceTree = BUILT_PRODUCTS_DIR; };
		81DE15F41B8A19F90063C8C8 /* Info.plist */ = {isa = PBXFileReference; lastKnownFileType = text.plist.xml; path = Info.plist; sourceTree = "<group>"; };
		81DE15F51B8A19F90063C8C8 /* Pitch_PerfectTests.swift */ = {isa = PBXFileReference; lastKnownFileType = sourcecode.swift; path = Pitch_PerfectTests.swift; sourceTree = "<group>"; };
/* End PBXFileReference section */

/* Begin PBXFrameworksBuildPhase section */
		81DE15D71B8A19F90063C8C8 /* Frameworks */ = {
			isa = PBXFrameworksBuildPhase;
			buildActionMask = 2147483647;
			files = (
			);
			runOnlyForDeploymentPostprocessing = 0;
		};
		81DE15EC1B8A19F90063C8C8 /* Frameworks */ = {
			isa = PBXFrameworksBuildPhase;
			buildActionMask = 2147483647;
			files = (
			);
			runOnlyForDeploymentPostprocessing = 0;
		};
/* End PBXFrameworksBuildPhase section */

/* Begin PBXGroup section */
		81DE15D11B8A19F80063C8C8 = {
			isa = PBXGroup;
			children = (
				81DE15DC1B8A19F90063C8C8 /* Pitch Perfect */,
				81DE15F21B8A19F90063C8C8 /* Pitch PerfectTests */,
				81DE15DB1B8A19F90063C8C8 /* Products */,
			);
			sourceTree = "<group>";
		};
		81DE15DB1B8A19F90063C8C8 /* Products */ = {
			isa = PBXGroup;
			children = (
				81DE15DA1B8A19F90063C8C8 /* Pitch Perfect.app */,
				81DE15EF1B8A19F90063C8C8 /* Pitch PerfectTests.xctest */,
			);
			name = Products;
			sourceTree = "<group>";
		};
		81DE15DC1B8A19F90063C8C8 /* Pitch Perfect */ = {
			isa = PBXGroup;
			children = (
				81DE15DF1B8A19F90063C8C8 /* AppDelegate.swift */,
				81DE15E11B8A19F90063C8C8 /* RecordSoundsViewController.swift */,
				8177B1031B8EA2910061F971 /* PlaySoundsViewController.swift */,
				8178E85B1B91F282008F6060 /* RecordedAudio.swift */,
				81DE15E31B8A19F90063C8C8 /* Main.storyboard */,
				81DE15E81B8A19F90063C8C8 /* LaunchScreen.xib */,
				810FBBAA1B92A61E008AC818 /* Images.xcassets */,
				81DE15DD1B8A19F90063C8C8 /* Supporting Files */,
			);
			path = "Pitch Perfect";
			sourceTree = "<group>";
		};
		81DE15DD1B8A19F90063C8C8 /* Supporting Files */ = {
			isa = PBXGroup;
			children = (
				8177B1051B8FF7620061F971 /* movie_quote.mp3 */,
				81DE15DE1B8A19F90063C8C8 /* Info.plist */,
			);
			name = "Supporting Files";
			sourceTree = "<group>";
		};
		81DE15F21B8A19F90063C8C8 /* Pitch PerfectTests */ = {
			isa = PBXGroup;
			children = (
				81DE15F51B8A19F90063C8C8 /* Pitch_PerfectTests.swift */,
				81DE15F31B8A19F90063C8C8 /* Supporting Files */,
			);
			path = "Pitch PerfectTests";
			sourceTree = "<group>";
		};
		81DE15F31B8A19F90063C8C8 /* Supporting Files */ = {
			isa = PBXGroup;
			children = (
				81DE15F41B8A19F90063C8C8 /* Info.plist */,
			);
			name = "Supporting Files";
			sourceTree = "<group>";
		};
/* End PBXGroup section */

/* Begin PBXNativeTarget section */
		81DE15D91B8A19F90063C8C8 /* Pitch Perfect */ = {
			isa = PBXNativeTarget;
			buildConfigurationList = 81DE15F91B8A19F90063C8C8 /* Build configuration list for PBXNativeTarget "Pitch Perfect" */;
			buildPhases = (
				81DE15D61B8A19F90063C8C8 /* Sources */,
				81DE15D71B8A19F90063C8C8 /* Frameworks */,
				81DE15D81B8A19F90063C8C8 /* Resources */,
			);
			buildRules = (
			);
			dependencies = (
			);
			name = "Pitch Perfect";
			productName = "Pitch Perfect";
			productReference = 81DE15DA1B8A19F90063C8C8 /* Pitch Perfect.app */;
			productType = "com.apple.product-type.application";
		};
		81DE15EE1B8A19F90063C8C8 /* Pitch PerfectTests */ = {
			isa = PBXNativeTarget;
			buildConfigurationList = 81DE15FC1B8A19F90063C8C8 /* Build configuration list for PBXNativeTarget "Pitch PerfectTests" */;
			buildPhases = (
				81DE15EB1B8A19F90063C8C8 /* Sources */,
				81DE15EC1B8A19F90063C8C8 /* Frameworks */,
				81DE15ED1B8A19F90063C8C8 /* Resources */,
			);
			buildRules = (
			);
			dependencies = (
				81DE15F11B8A19F90063C8C8 /* PBXTargetDependency */,
			);
			name = "Pitch PerfectTests";
			productName = "Pitch PerfectTests";
			productReference = 81DE15EF1B8A19F90063C8C8 /* Pitch PerfectTests.xctest */;
			productType = "com.apple.product-type.bundle.unit-test";
		};
/* End PBXNativeTarget section */

/* Begin PBXProject section */
		81DE15D21B8A19F80063C8C8 /* Project object */ = {
			isa = PBXProject;
			attributes = {
				LastUpgradeCheck = 0640;
				ORGANIZATIONNAME = Vinicius;
				TargetAttributes = {
					81DE15D91B8A19F90063C8C8 = {
						CreatedOnToolsVersion = 6.4;
					};
					81DE15EE1B8A19F90063C8C8 = {
						CreatedOnToolsVersion = 6.4;
						TestTargetID = 81DE15D91B8A19F90063C8C8;
					};
				};
			};
			buildConfigurationList = 81DE15D51B8A19F90063C8C8 /* Build configuration list for PBXProject "Pitch Perfect" */;
			compatibilityVersion = "Xcode 3.2";
			developmentRegion = English;
			hasScannedForEncodings = 0;
			knownRegions = (
				en,
				Base,
			);
			mainGroup = 81DE15D11B8A19F80063C8C8;
			productRefGroup = 81DE15DB1B8A19F90063C8C8 /* Products */;
			projectDirPath = "";
			projectRoot = "";
			targets = (
				81DE15D91B8A19F90063C8C8 /* Pitch Perfect */,
				81DE15EE1B8A19F90063C8C8 /* Pitch PerfectTests */,
			);
		};
/* End PBXProject section */

/* Begin PBXResourcesBuildPhase section */
		81DE15D81B8A19F90063C8C8 /* Resources */ = {
			isa = PBXResourcesBuildPhase;
			buildActionMask = 2147483647;
			files = (
				81DE15E51B8A19F90063C8C8 /* Main.storyboard in Resources */,
				810FBBAB1B92A61E008AC818 /* Images.xcassets in Resources */,
				81DE15EA1B8A19F90063C8C8 /* LaunchScreen.xib in Resources */,
				8177B1061B8FF7620061F971 /* movie_quote.mp3 in Resources */,
			);
			runOnlyForDeploymentPostprocessing = 0;
		};
		81DE15ED1B8A19F90063C8C8 /* Resources */ = {
			isa = PBXResourcesBuildPhase;
			buildActionMask = 2147483647;
			files = (
			);
			runOnlyForDeploymentPostprocessing = 0;
		};
/* End PBXResourcesBuildPhase section */

/* Begin PBXSourcesBuildPhase section */
		81DE15D61B8A19F90063C8C8 /* Sources */ = {
			isa = PBXSourcesBuildPhase;
			buildActionMask = 2147483647;
			files = (
				8178E85C1B91F282008F6060 /* RecordedAudio.swift in Sources */,
				81DE15E21B8A19F90063C8C8 /* RecordSoundsViewController.swift in Sources */,
				8177B1041B8EA2910061F971 /* PlaySoundsViewController.swift in Sources */,
				81DE15E01B8A19F90063C8C8 /* AppDelegate.swift in Sources */,
			);
			runOnlyForDeploymentPostprocessing = 0;
		};
		81DE15EB1B8A19F90063C8C8 /* Sources */ = {
			isa = PBXSourcesBuildPhase;
			buildActionMask = 2147483647;
			files = (
				81DE15F61B8A19F90063C8C8 /* Pitch_PerfectTests.swift in Sources */,
			);
			runOnlyForDeploymentPostprocessing = 0;
		};
/* End PBXSourcesBuildPhase section */

/* Begin PBXTargetDependency section */
		81DE15F11B8A19F90063C8C8 /* PBXTargetDependency */ = {
			isa = PBXTargetDependency;
			target = 81DE15D91B8A19F90063C8C8 /* Pitch Perfect */;
			targetProxy = 81DE15F01B8A19F90063C8C8 /* PBXContainerItemProxy */;
		};
/* End PBXTargetDependency section */

/* Begin PBXVariantGroup section */
		81DE15E31B8A19F90063C8C8 /* Main.storyboard */ = {
			isa = PBXVariantGroup;
			children = (
				81DE15E41B8A19F90063C8C8 /* Base */,
			);
			name = Main.storyboard;
			sourceTree = "<group>";
		};
		81DE15E81B8A19F90063C8C8 /* LaunchScreen.xib */ = {
			isa = PBXVariantGroup;
			children = (
				81DE15E91B8A19F90063C8C8 /* Base */,
			);
			name = LaunchScreen.xib;
			sourceTree = "<group>";
		};
/* End PBXVariantGroup section */

/* Begin XCBuildConfiguration section */
		81DE15F71B8A19F90063C8C8 /* Debug */ = {
			isa = XCBuildConfiguration;
			buildSettings = {
				ALWAYS_SEARCH_USER_PATHS = NO;
				CLANG_CXX_LANGUAGE_STANDARD = "gnu++0x";
				CLANG_CXX_LIBRARY = "libc++";
				CLANG_ENABLE_MODULES = YES;
				CLANG_ENABLE_OBJC_ARC = YES;
				CLANG_WARN_BOOL_CONVERSION = YES;
				CLANG_WARN_CONSTANT_CONVERSION = YES;
				CLANG_WARN_DIRECT_OBJC_ISA_USAGE = YES_ERROR;
				CLANG_WARN_EMPTY_BODY = YES;
				CLANG_WARN_ENUM_CONVERSION = YES;
				CLANG_WARN_INT_CONVERSION = YES;
				CLANG_WARN_OBJC_ROOT_CLASS = YES_ERROR;
				CLANG_WARN_UNREACHABLE_CODE = YES;
				CLANG_WARN__DUPLICATE_METHOD_MATCH = YES;
				"CODE_SIGN_IDENTITY[sdk=iphoneos*]" = "iPhone Developer";
				COPY_PHASE_STRIP = NO;
				DEBUG_INFORMATION_FORMAT = "dwarf-with-dsym";
				ENABLE_STRICT_OBJC_MSGSEND = YES;
				GCC_C_LANGUAGE_STANDARD = gnu99;
				GCC_DYNAMIC_NO_PIC = NO;
				GCC_NO_COMMON_BLOCKS = YES;
				GCC_OPTIMIZATION_LEVEL = 0;
				GCC_PREPROCESSOR_DEFINITIONS = (
					"DEBUG=1",
					"$(inherited)",
				);
				GCC_SYMBOLS_PRIVATE_EXTERN = NO;
				GCC_WARN_64_TO_32_BIT_CONVERSION = YES;
				GCC_WARN_ABOUT_RETURN_TYPE = YES_ERROR;
				GCC_WARN_UNDECLARED_SELECTOR = YES;
				GCC_WARN_UNINITIALIZED_AUTOS = YES_AGGRESSIVE;
				GCC_WARN_UNUSED_FUNCTION = YES;
				GCC_WARN_UNUSED_VARIABLE = YES;
				IPHONEOS_DEPLOYMENT_TARGET = 8.4;
				MTL_ENABLE_DEBUG_INFO = YES;
				ONLY_ACTIVE_ARCH = YES;
				SDKROOT = iphoneos;
				SWIFT_OPTIMIZATION_LEVEL = "-Onone";
			};
			name = Debug;
		};
		81DE15F81B8A19F90063C8C8 /* Release */ = {
			isa = XCBuildConfiguration;
			buildSettings = {
				ALWAYS_SEARCH_USER_PATHS = NO;
				CLANG_CXX_LANGUAGE_STANDARD = "gnu++0x";
				CLANG_CXX_LIBRARY = "libc++";
				CLANG_ENABLE_MODULES = YES;
				CLANG_ENABLE_OBJC_ARC = YES;
				CLANG_WARN_BOOL_CONVERSION = YES;
				CLANG_WARN_CONSTANT_CONVERSION = YES;
				CLANG_WARN_DIRECT_OBJC_ISA_USAGE = YES_ERROR;
				CLANG_WARN_EMPTY_BODY = YES;
				CLANG_WARN_ENUM_CONVERSION = YES;
				CLANG_WARN_INT_CONVERSION = YES;
				CLANG_WARN_OBJC_ROOT_CLASS = YES_ERROR;
				CLANG_WARN_UNREACHABLE_CODE = YES;
				CLANG_WARN__DUPLICATE_METHOD_MATCH = YES;
				"CODE_SIGN_IDENTITY[sdk=iphoneos*]" = "iPhone Developer";
				COPY_PHASE_STRIP = NO;
				DEBUG_INFORMATION_FORMAT = "dwarf-with-dsym";
				ENABLE_NS_ASSERTIONS = NO;
				ENABLE_STRICT_OBJC_MSGSEND = YES;
				GCC_C_LANGUAGE_STANDARD = gnu99;
				GCC_NO_COMMON_BLOCKS = YES;
				GCC_WARN_64_TO_32_BIT_CONVERSION = YES;
				GCC_WARN_ABOUT_RETURN_TYPE = YES_ERROR;
				GCC_WARN_UNDECLARED_SELECTOR = YES;
				GCC_WARN_UNINITIALIZED_AUTOS = YES_AGGRESSIVE;
				GCC_WARN_UNUSED_FUNCTION = YES;
				GCC_WARN_UNUSED_VARIABLE = YES;
				IPHONEOS_DEPLOYMENT_TARGET = 8.4;
				MTL_ENABLE_DEBUG_INFO = NO;
				SDKROOT = iphoneos;
				VALIDATE_PRODUCT = YES;
			};
			name = Release;
		};
		81DE15FA1B8A19F90063C8C8 /* Debug */ = {
			isa = XCBuildConfiguration;
			buildSettings = {
				ASSETCATALOG_COMPILER_APPICON_NAME = AppIcon;
				INFOPLIST_FILE = "Pitch Perfect/Info.plist";
				LD_RUNPATH_SEARCH_PATHS = "$(inherited) @executable_path/Frameworks";
				PRODUCT_NAME = "$(TARGET_NAME)";
			};
			name = Debug;
		};
		81DE15FB1B8A19F90063C8C8 /* Release */ = {
			isa = XCBuildConfiguration;
			buildSettings = {
				ASSETCATALOG_COMPILER_APPICON_NAME = AppIcon;
				INFOPLIST_FILE = "Pitch Perfect/Info.plist";
				LD_RUNPATH_SEARCH_PATHS = "$(inherited) @executable_path/Frameworks";
				PRODUCT_NAME = "$(TARGET_NAME)";
			};
			name = Release;
		};
		81DE15FD1B8A19F90063C8C8 /* Debug */ = {
			isa = XCBuildConfiguration;
			buildSettings = {
				BUNDLE_LOADER = "$(TEST_HOST)";
				FRAMEWORK_SEARCH_PATHS = (
					"$(SDKROOT)/Developer/Library/Frameworks",
					"$(inherited)",
				);
				GCC_PREPROCESSOR_DEFINITIONS = (
					"DEBUG=1",
					"$(inherited)",
				);
				INFOPLIST_FILE = "Pitch PerfectTests/Info.plist";
				LD_RUNPATH_SEARCH_PATHS = "$(inherited) @executable_path/Frameworks @loader_path/Frameworks";
				PRODUCT_NAME = "$(TARGET_NAME)";
				TEST_HOST = "$(BUILT_PRODUCTS_DIR)/Pitch Perfect.app/Pitch Perfect";
			};
			name = Debug;
		};
		81DE15FE1B8A19F90063C8C8 /* Release */ = {
			isa = XCBuildConfiguration;
			buildSettings = {
				BUNDLE_LOADER = "$(TEST_HOST)";
				FRAMEWORK_SEARCH_PATHS = (
					"$(SDKROOT)/Developer/Library/Frameworks",
					"$(inherited)",
				);
				INFOPLIST_FILE = "Pitch PerfectTests/Info.plist";
				LD_RUNPATH_SEARCH_PATHS = "$(inherited) @executable_path/Frameworks @loader_path/Frameworks";
				PRODUCT_NAME = "$(TARGET_NAME)";
				TEST_HOST = "$(BUILT_PRODUCTS_DIR)/Pitch Perfect.app/Pitch Perfect";
			};
			name = Release;
		};
/* End XCBuildConfiguration section */

/* Begin XCConfigurationList section */
		81DE15D51B8A19F90063C8C8 /* Build configuration list for PBXProject "Pitch Perfect" */ = {
			isa = XCConfigurationList;
			buildConfigurations = (
				81DE15F71B8A19F90063C8C8 /* Debug */,
				81DE15F81B8A19F90063C8C8 /* Release */,
			);
			defaultConfigurationIsVisible = 0;
			defaultConfigurationName = Release;
		};
		81DE15F91B8A19F90063C8C8 /* Build configuration list for PBXNativeTarget "Pitch Perfect" */ = {
			isa = XCConfigurationList;
			buildConfigurations = (
				81DE15FA1B8A19F90063C8C8 /* Debug */,
				81DE15FB1B8A19F90063C8C8 /* Release */,
			);
			defaultConfigurationIsVisible = 0;
			defaultConfigurationName = Release;
		};
		81DE15FC1B8A19F90063C8C8 /* Build configuration list for PBXNativeTarget "Pitch PerfectTests" */ = {
			isa = XCConfigurationList;
			buildConfigurations = (
				81DE15FD1B8A19F90063C8C8 /* Debug */,
				81DE15FE1B8A19F90063C8C8 /* Release */,
			);
			defaultConfigurationIsVisible = 0;
			defaultConfigurationName = Release;
		};
/* End XCConfigurationList section */
	};
	rootObject = 81DE15D21B8A19F80063C8C8 /* Project object */;
}
